<?xml version="1.0" encoding="utf-8"?>
<Project ToolsVersion="4.0" xmlns="http://schemas.microsoft.com/developer/msbuild/2003">
  <ItemGroup>
    <Filter Include="Source Files">
      <UniqueIdentifier>{4FC737F1-C7A5-4376-A066-2A32D752A2FF}</UniqueIdentifier>
      <Extensions>cpp;c;cc;cxx;def;odl;idl;hpj;bat;asm;asmx</Extensions>
    </Filter>
    <Filter Include="Header Files">
      <UniqueIdentifier>{93995380-89BD-4b04-88EB-625FBE52EBFB}</UniqueIdentifier>
      <Extensions>h;hh;hpp;hxx;hm;inl;inc;xsd</Extensions>
    </Filter>
    <Filter Include="Resource Files">
      <UniqueIdentifier>{67DA6AB6-F800-4c08-8B7A-83BB121AAD01}</UniqueIdentifier>
      <Extensions>rc;ico;cur;bmp;dlg;rc2;rct;bin;rgs;gif;jpg;jpeg;jpe;resx;tiff;tif;png;wav;mfcribbon-ms</Extensions>
    </Filter>
    <Filter Include="Data Files">
      <UniqueIdentifier>{0ecfbf3e-fbff-477e-bb3d-aeb9c10a84c1}</UniqueIdentifier>
    </Filter>
  </ItemGroup>
  <ItemGroup>
    <ClCompile Include="AIwrapper.cpp">
      <Filter>Source Files</Filter>
    </ClCompile>
    <ClCompile Include="AICarbonMove.cpp">
      <Filter>Source Files</Filter>
    </ClCompile>
    <ClCompile Include="AICarbon.cpp">
      <Filter>Source Files</Filter>
    </ClCompile>
    <ClCompile Include="pisqpipe.cpp">
      <Filter>Source Files</Filter>
    </ClCompile>
    <ClCompile Include="Random.cpp">
      <Filter>Source Files</Filter>
    </ClCompile>
  </ItemGroup>
  <ItemGroup>
    <ClInclude Include="AICarbon.h">
      <Filter>Header Files</Filter>
    </ClInclude>
    <ClInclude Include="AICarbonHash.h">
      <Filter>Header Files</Filter>
    </ClInclude>
    <ClInclude Include="pisqpipe.h">
      <Filter>Header Files</Filter>
    </ClInclude>
    <ClInclude Include="OXTypes.h">
      <Filter>Header Files</Filter>
    </ClInclude>
    <ClInclude Include="OXPlayer.h">
      <Filter>Header Files</Filter>
    </ClInclude>
    <ClInclude Include="CONFIG.CPP">
      <Filter>Data Files</Filter>
    </ClInclude>
    <ClInclude Include="COUNT5.CPP">
      <Filter>Data Files</Filter>
    </ClInclude>
    <ClInclude Include="hashValA.cpp">
      <Filter>Data Files</Filter>
    </ClInclude>
    <ClInclude Include="hashValB.cpp">
      <Filter>Data Files</Filter>
    </ClInclude>
    <ClInclude Include="hashValC.cpp">
      <Filter>Data Files</Filter>
    </ClInclude>
    <ClInclude Include="PRIOR3.CPP">
      <Filter>Data Files</Filter>
    </ClInclude>
    <ClInclude Include="STATUS1.CPP">
      <Filter>Data Files</Filter>
    </ClInclude>
  </ItemGroup>
</Project>